// !$*UTF8*$!
{
	archiveVersion = 1;
	classes = {
	};
	objectVersion = 50;
	objects = {

/* Begin PBXBuildFile section */
		33D82EF523076F4E00DC9196 /* AppDelegate.swift in Sources */ = {isa = PBXBuildFile; fileRef = 33D82EF423076F4E00DC9196 /* AppDelegate.swift */; };
		33D82EF723076F4E00DC9196 /* RootViewController.swift in Sources */ = {isa = PBXBuildFile; fileRef = 33D82EF623076F4E00DC9196 /* RootViewController.swift */; };
		33D82EFA23076F4E00DC9196 /* Main.storyboard in Resources */ = {isa = PBXBuildFile; fileRef = 33D82EF823076F4E00DC9196 /* Main.storyboard */; };
		33D82EFC23076F5000DC9196 /* Assets.xcassets in Resources */ = {isa = PBXBuildFile; fileRef = 33D82EFB23076F5000DC9196 /* Assets.xcassets */; };
		33D82EFF23076F5000DC9196 /* LaunchScreen.storyboard in Resources */ = {isa = PBXBuildFile; fileRef = 33D82EFD23076F5000DC9196 /* LaunchScreen.storyboard */; };
		33D82F0F2308F8B800DC9196 /* CalendarViewCell.swift in Sources */ = {isa = PBXBuildFile; fileRef = 33D82F0E2308F8B800DC9196 /* CalendarViewCell.swift */; };
		33D82F12230923B000DC9196 /* Styles.swift in Sources */ = {isa = PBXBuildFile; fileRef = 33D82F11230923B000DC9196 /* Styles.swift */; };
		33D82F14230923D900DC9196 /* Colors.swift in Sources */ = {isa = PBXBuildFile; fileRef = 33D82F13230923D900DC9196 /* Colors.swift */; };
		33D82F16230923FB00DC9196 /* LightThemes.swift in Sources */ = {isa = PBXBuildFile; fileRef = 33D82F15230923FB00DC9196 /* LightThemes.swift */; };
		33D82F192309C23600DC9196 /* RootViewControllerExtension.swift in Sources */ = {isa = PBXBuildFile; fileRef = 33D82F182309C23600DC9196 /* RootViewControllerExtension.swift */; };
		33D82F1B2309D79E00DC9196 /* ColorThemeHelper.swift in Sources */ = {isa = PBXBuildFile; fileRef = 33D82F1A2309D79E00DC9196 /* ColorThemeHelper.swift */; };
		33D82F23230C859400DC9196 /* MonthViewDelegate.swift in Sources */ = {isa = PBXBuildFile; fileRef = 33D82F22230C859400DC9196 /* MonthViewDelegate.swift */; };
		33D82F25230C8EA000DC9196 /* RootViewControllerMVDExtension.swift in Sources */ = {isa = PBXBuildFile; fileRef = 33D82F24230C8EA000DC9196 /* RootViewControllerMVDExtension.swift */; };
		33D82F28230C902100DC9196 /* Helpers.swift in Sources */ = {isa = PBXBuildFile; fileRef = 33D82F27230C902100DC9196 /* Helpers.swift */; };
		33D82F2E230C949700DC9196 /* RootViewControllerHelperExt.swift in Sources */ = {isa = PBXBuildFile; fileRef = 33D82F2D230C949700DC9196 /* RootViewControllerHelperExt.swift */; };
		33D82F31230C94D100DC9196 /* StringExtension.swift in Sources */ = {isa = PBXBuildFile; fileRef = 33D82F30230C94D100DC9196 /* StringExtension.swift */; };
		33D82F33230C94F900DC9196 /* DateExtension.swift in Sources */ = {isa = PBXBuildFile; fileRef = 33D82F32230C94F900DC9196 /* DateExtension.swift */; };
		33D82F36230CEC2300DC9196 /* CalendarCollectionViewDataSource.swift in Sources */ = {isa = PBXBuildFile; fileRef = 33D82F35230CEC2300DC9196 /* CalendarCollectionViewDataSource.swift */; };
		33D82F38230CF62600DC9196 /* CalendarCollectionViewDelegate.swift in Sources */ = {isa = PBXBuildFile; fileRef = 33D82F37230CF62600DC9196 /* CalendarCollectionViewDelegate.swift */; };
		33D82F3A230D94A000DC9196 /* PropertyDelegate.swift in Sources */ = {isa = PBXBuildFile; fileRef = 33D82F39230D94A000DC9196 /* PropertyDelegate.swift */; };
/* End PBXBuildFile section */

/* Begin PBXFileReference section */
		33D82EF123076F4E00DC9196 /* Calendar UI-3 Storyboard.app */ = {isa = PBXFileReference; explicitFileType = wrapper.application; includeInIndex = 0; path = "Calendar UI-3 Storyboard.app"; sourceTree = BUILT_PRODUCTS_DIR; };
		33D82EF423076F4E00DC9196 /* AppDelegate.swift */ = {isa = PBXFileReference; lastKnownFileType = sourcecode.swift; path = AppDelegate.swift; sourceTree = "<group>"; };
		33D82EF623076F4E00DC9196 /* RootViewController.swift */ = {isa = PBXFileReference; lastKnownFileType = sourcecode.swift; path = RootViewController.swift; sourceTree = "<group>"; };
		33D82EF923076F4E00DC9196 /* Base */ = {isa = PBXFileReference; lastKnownFileType = file.storyboard; name = Base; path = Base.lproj/Main.storyboard; sourceTree = "<group>"; };
		33D82EFB23076F5000DC9196 /* Assets.xcassets */ = {isa = PBXFileReference; lastKnownFileType = folder.assetcatalog; path = Assets.xcassets; sourceTree = "<group>"; };
		33D82EFE23076F5000DC9196 /* Base */ = {isa = PBXFileReference; lastKnownFileType = file.storyboard; name = Base; path = Base.lproj/LaunchScreen.storyboard; sourceTree = "<group>"; };
		33D82F0023076F5000DC9196 /* Info.plist */ = {isa = PBXFileReference; lastKnownFileType = text.plist.xml; path = Info.plist; sourceTree = "<group>"; };
		33D82F0E2308F8B800DC9196 /* CalendarViewCell.swift */ = {isa = PBXFileReference; lastKnownFileType = sourcecode.swift; path = CalendarViewCell.swift; sourceTree = "<group>"; };
		33D82F11230923B000DC9196 /* Styles.swift */ = {isa = PBXFileReference; lastKnownFileType = sourcecode.swift; path = Styles.swift; sourceTree = "<group>"; };
		33D82F13230923D900DC9196 /* Colors.swift */ = {isa = PBXFileReference; lastKnownFileType = sourcecode.swift; path = Colors.swift; sourceTree = "<group>"; };
		33D82F15230923FB00DC9196 /* LightThemes.swift */ = {isa = PBXFileReference; lastKnownFileType = sourcecode.swift; path = LightThemes.swift; sourceTree = "<group>"; };
		33D82F182309C23600DC9196 /* RootViewControllerExtension.swift */ = {isa = PBXFileReference; lastKnownFileType = sourcecode.swift; path = RootViewControllerExtension.swift; sourceTree = "<group>"; };
		33D82F1A2309D79E00DC9196 /* ColorThemeHelper.swift */ = {isa = PBXFileReference; lastKnownFileType = sourcecode.swift; path = ColorThemeHelper.swift; sourceTree = "<group>"; };
		33D82F22230C859400DC9196 /* MonthViewDelegate.swift */ = {isa = PBXFileReference; lastKnownFileType = sourcecode.swift; path = MonthViewDelegate.swift; sourceTree = "<group>"; };
		33D82F24230C8EA000DC9196 /* RootViewControllerMVDExtension.swift */ = {isa = PBXFileReference; lastKnownFileType = sourcecode.swift; path = RootViewControllerMVDExtension.swift; sourceTree = "<group>"; };
		33D82F27230C902100DC9196 /* Helpers.swift */ = {isa = PBXFileReference; lastKnownFileType = sourcecode.swift; path = Helpers.swift; sourceTree = "<group>"; };
		33D82F2D230C949700DC9196 /* RootViewControllerHelperExt.swift */ = {isa = PBXFileReference; lastKnownFileType = sourcecode.swift; path = RootViewControllerHelperExt.swift; sourceTree = "<group>"; };
		33D82F30230C94D100DC9196 /* StringExtension.swift */ = {isa = PBXFileReference; lastKnownFileType = sourcecode.swift; path = StringExtension.swift; sourceTree = "<group>"; };
		33D82F32230C94F900DC9196 /* DateExtension.swift */ = {isa = PBXFileReference; lastKnownFileType = sourcecode.swift; path = DateExtension.swift; sourceTree = "<group>"; };
		33D82F35230CEC2300DC9196 /* CalendarCollectionViewDataSource.swift */ = {isa = PBXFileReference; lastKnownFileType = sourcecode.swift; path = CalendarCollectionViewDataSource.swift; sourceTree = "<group>"; };
		33D82F37230CF62600DC9196 /* CalendarCollectionViewDelegate.swift */ = {isa = PBXFileReference; lastKnownFileType = sourcecode.swift; path = CalendarCollectionViewDelegate.swift; sourceTree = "<group>"; };
		33D82F39230D94A000DC9196 /* PropertyDelegate.swift */ = {isa = PBXFileReference; lastKnownFileType = sourcecode.swift; path = PropertyDelegate.swift; sourceTree = "<group>"; };
/* End PBXFileReference section */

/* Begin PBXFrameworksBuildPhase section */
		33D82EEE23076F4E00DC9196 /* Frameworks */ = {
			isa = PBXFrameworksBuildPhase;
			buildActionMask = 2147483647;
			files = (
			);
			runOnlyForDeploymentPostprocessing = 0;
		};
/* End PBXFrameworksBuildPhase section */

/* Begin PBXGroup section */
		33D82EE823076F4E00DC9196 = {
			isa = PBXGroup;
			children = (
				33D82EF323076F4E00DC9196 /* Calendar UI-3 Storyboard */,
				33D82EF223076F4E00DC9196 /* Products */,
			);
			sourceTree = "<group>";
		};
		33D82EF223076F4E00DC9196 /* Products */ = {
			isa = PBXGroup;
			children = (
				33D82EF123076F4E00DC9196 /* Calendar UI-3 Storyboard.app */,
			);
			name = Products;
			sourceTree = "<group>";
		};
		33D82EF323076F4E00DC9196 /* Calendar UI-3 Storyboard */ = {
			isa = PBXGroup;
			children = (
				33D82EF423076F4E00DC9196 /* AppDelegate.swift */,
				33D82F34230CEB9D00DC9196 /* DelegatesAndDataSource */,
				33D82F2F230C94BB00DC9196 /* Extensions */,
				33D82F26230C901200DC9196 /* Helpers */,
				33D82F21230C856800DC9196 /* Protocols */,
				33D82F0D2308F89E00DC9196 /* Cells */,
				33D82F0723076FC600DC9196 /* Controllers */,
				33D82F0623076F9900DC9196 /* Storyboards */,
				33D82F102309239100DC9196 /* ColorThemes */,
				33D82EFB23076F5000DC9196 /* Assets.xcassets */,
				33D82F0023076F5000DC9196 /* Info.plist */,
			);
			path = "Calendar UI-3 Storyboard";
			sourceTree = "<group>";
		};
		33D82F0623076F9900DC9196 /* Storyboards */ = {
			isa = PBXGroup;
			children = (
				33D82EF823076F4E00DC9196 /* Main.storyboard */,
				33D82EFD23076F5000DC9196 /* LaunchScreen.storyboard */,
			);
			path = Storyboards;
			sourceTree = "<group>";
		};
		33D82F0723076FC600DC9196 /* Controllers */ = {
			isa = PBXGroup;
			children = (
				33D82EF623076F4E00DC9196 /* RootViewController.swift */,
				33D82F172309C20F00DC9196 /* Extensions */,
			);
			path = Controllers;
			sourceTree = "<group>";
		};
		33D82F0D2308F89E00DC9196 /* Cells */ = {
			isa = PBXGroup;
			children = (
				33D82F0E2308F8B800DC9196 /* CalendarViewCell.swift */,
			);
			path = Cells;
			sourceTree = "<group>";
		};
		33D82F102309239100DC9196 /* ColorThemes */ = {
			isa = PBXGroup;
			children = (
				33D82F11230923B000DC9196 /* Styles.swift */,
				33D82F13230923D900DC9196 /* Colors.swift */,
				33D82F15230923FB00DC9196 /* LightThemes.swift */,
				33D82F1A2309D79E00DC9196 /* ColorThemeHelper.swift */,
			);
			path = ColorThemes;
			sourceTree = "<group>";
		};
		33D82F172309C20F00DC9196 /* Extensions */ = {
			isa = PBXGroup;
			children = (
				33D82F182309C23600DC9196 /* RootViewControllerExtension.swift */,
				33D82F24230C8EA000DC9196 /* RootViewControllerMVDExtension.swift */,
				33D82F2D230C949700DC9196 /* RootViewControllerHelperExt.swift */,
			);
			path = Extensions;
			sourceTree = "<group>";
		};
		33D82F21230C856800DC9196 /* Protocols */ = {
			isa = PBXGroup;
			children = (
				33D82F22230C859400DC9196 /* MonthViewDelegate.swift */,
			);
			path = Protocols;
			sourceTree = "<group>";
		};
		33D82F26230C901200DC9196 /* Helpers */ = {
			isa = PBXGroup;
			children = (
				33D82F27230C902100DC9196 /* Helpers.swift */,
			);
			path = Helpers;
			sourceTree = "<group>";
		};
		33D82F2F230C94BB00DC9196 /* Extensions */ = {
			isa = PBXGroup;
			children = (
				33D82F30230C94D100DC9196 /* StringExtension.swift */,
				33D82F32230C94F900DC9196 /* DateExtension.swift */,
			);
			path = Extensions;
			sourceTree = "<group>";
		};
		33D82F34230CEB9D00DC9196 /* DelegatesAndDataSource */ = {
			isa = PBXGroup;
			children = (
				33D82F35230CEC2300DC9196 /* CalendarCollectionViewDataSource.swift */,
				33D82F37230CF62600DC9196 /* CalendarCollectionViewDelegate.swift */,
				33D82F39230D94A000DC9196 /* PropertyDelegate.swift */,
			);
			path = DelegatesAndDataSource;
			sourceTree = "<group>";
		};
/* End PBXGroup section */

/* Begin PBXNativeTarget section */
		33D82EF023076F4E00DC9196 /* Calendar UI-3 Storyboard */ = {
			isa = PBXNativeTarget;
			buildConfigurationList = 33D82F0323076F5000DC9196 /* Build configuration list for PBXNativeTarget "Calendar UI-3 Storyboard" */;
			buildPhases = (
				33D82EED23076F4E00DC9196 /* Sources */,
				33D82EEE23076F4E00DC9196 /* Frameworks */,
				33D82EEF23076F4E00DC9196 /* Resources */,
			);
			buildRules = (
			);
			dependencies = (
			);
			name = "Calendar UI-3 Storyboard";
			productName = "Calendar UI-3 Storyboard";
			productReference = 33D82EF123076F4E00DC9196 /* Calendar UI-3 Storyboard.app */;
			productType = "com.apple.product-type.application";
		};
/* End PBXNativeTarget section */

/* Begin PBXProject section */
		33D82EE923076F4E00DC9196 /* Project object */ = {
			isa = PBXProject;
			attributes = {
				LastSwiftUpdateCheck = 1030;
				LastUpgradeCheck = 1030;
				ORGANIZATIONNAME = RAMJETApps;
				TargetAttributes = {
					33D82EF023076F4E00DC9196 = {
						CreatedOnToolsVersion = 10.3;
					};
				};
			};
			buildConfigurationList = 33D82EEC23076F4E00DC9196 /* Build configuration list for PBXProject "Calendar UI-3 Storyboard" */;
			compatibilityVersion = "Xcode 9.3";
			developmentRegion = en;
			hasScannedForEncodings = 0;
			knownRegions = (
				en,
				Base,
			);
			mainGroup = 33D82EE823076F4E00DC9196;
			productRefGroup = 33D82EF223076F4E00DC9196 /* Products */;
			projectDirPath = "";
			projectRoot = "";
			targets = (
				33D82EF023076F4E00DC9196 /* Calendar UI-3 Storyboard */,
			);
		};
/* End PBXProject section */

/* Begin PBXResourcesBuildPhase section */
		33D82EEF23076F4E00DC9196 /* Resources */ = {
			isa = PBXResourcesBuildPhase;
			buildActionMask = 2147483647;
			files = (
				33D82EFF23076F5000DC9196 /* LaunchScreen.storyboard in Resources */,
				33D82EFC23076F5000DC9196 /* Assets.xcassets in Resources */,
				33D82EFA23076F4E00DC9196 /* Main.storyboard in Resources */,
			);
			runOnlyForDeploymentPostprocessing = 0;
		};
/* End PBXResourcesBuildPhase section */

/* Begin PBXSourcesBuildPhase section */
		33D82EED23076F4E00DC9196 /* Sources */ = {
			isa = PBXSourcesBuildPhase;
			buildActionMask = 2147483647;
			files = (
				33D82F16230923FB00DC9196 /* LightThemes.swift in Sources */,
				33D82F33230C94F900DC9196 /* DateExtension.swift in Sources */,
				33D82F3A230D94A000DC9196 /* PropertyDelegate.swift in Sources */,
				33D82F25230C8EA000DC9196 /* RootViewControllerMVDExtension.swift in Sources */,
				33D82F0F2308F8B800DC9196 /* CalendarViewCell.swift in Sources */,
				33D82F14230923D900DC9196 /* Colors.swift in Sources */,
				33D82F1B2309D79E00DC9196 /* ColorThemeHelper.swift in Sources */,
				33D82EF723076F4E00DC9196 /* RootViewController.swift in Sources */,
				33D82F28230C902100DC9196 /* Helpers.swift in Sources */,
				33D82F192309C23600DC9196 /* RootViewControllerExtension.swift in Sources */,
				33D82F2E230C949700DC9196 /* RootViewControllerHelperExt.swift in Sources */,
				33D82F36230CEC2300DC9196 /* CalendarCollectionViewDataSource.swift in Sources */,
				33D82F38230CF62600DC9196 /* CalendarCollectionViewDelegate.swift in Sources */,
				33D82EF523076F4E00DC9196 /* AppDelegate.swift in Sources */,
				33D82F23230C859400DC9196 /* MonthViewDelegate.swift in Sources */,
				33D82F31230C94D100DC9196 /* StringExtension.swift in Sources */,
				33D82F12230923B000DC9196 /* Styles.swift in Sources */,
			);
			runOnlyForDeploymentPostprocessing = 0;
		};
/* End PBXSourcesBuildPhase section */

/* Begin PBXVariantGroup section */
		33D82EF823076F4E00DC9196 /* Main.storyboard */ = {
			isa = PBXVariantGroup;
			children = (
				33D82EF923076F4E00DC9196 /* Base */,
			);
			name = Main.storyboard;
			sourceTree = "<group>";
		};
		33D82EFD23076F5000DC9196 /* LaunchScreen.storyboard */ = {
			isa = PBXVariantGroup;
			children = (
				33D82EFE23076F5000DC9196 /* Base */,
			);
			name = LaunchScreen.storyboard;
			sourceTree = "<group>";
		};
/* End PBXVariantGroup section */

/* Begin XCBuildConfiguration section */
		33D82F0123076F5000DC9196 /* Debug */ = {
			isa = XCBuildConfiguration;
			buildSettings = {
				ALWAYS_SEARCH_USER_PATHS = NO;
				CLANG_ANALYZER_NONNULL = YES;
				CLANG_ANALYZER_NUMBER_OBJECT_CONVERSION = YES_AGGRESSIVE;
				CLANG_CXX_LANGUAGE_STANDARD = "gnu++14";
				CLANG_CXX_LIBRARY = "libc++";
				CLANG_ENABLE_MODULES = YES;
				CLANG_ENABLE_OBJC_ARC = YES;
				CLANG_ENABLE_OBJC_WEAK = YES;
				CLANG_WARN_BLOCK_CAPTURE_AUTORELEASING = YES;
				CLANG_WARN_BOOL_CONVERSION = YES;
				CLANG_WARN_COMMA = YES;
				CLANG_WARN_CONSTANT_CONVERSION = YES;
				CLANG_WARN_DEPRECATED_OBJC_IMPLEMENTATIONS = YES;
				CLANG_WARN_DIRECT_OBJC_ISA_USAGE = YES_ERROR;
				CLANG_WARN_DOCUMENTATION_COMMENTS = YES;
				CLANG_WARN_EMPTY_BODY = YES;
				CLANG_WARN_ENUM_CONVERSION = YES;
				CLANG_WARN_INFINITE_RECURSION = YES;
				CLANG_WARN_INT_CONVERSION = YES;
				CLANG_WARN_NON_LITERAL_NULL_CONVERSION = YES;
				CLANG_WARN_OBJC_IMPLICIT_RETAIN_SELF = YES;
				CLANG_WARN_OBJC_LITERAL_CONVERSION = YES;
				CLANG_WARN_OBJC_ROOT_CLASS = YES_ERROR;
				CLANG_WARN_RANGE_LOOP_ANALYSIS = YES;
				CLANG_WARN_STRICT_PROTOTYPES = YES;
				CLANG_WARN_SUSPICIOUS_MOVE = YES;
				CLANG_WARN_UNGUARDED_AVAILABILITY = YES_AGGRESSIVE;
				CLANG_WARN_UNREACHABLE_CODE = YES;
				CLANG_WARN__DUPLICATE_METHOD_MATCH = YES;
				CODE_SIGN_IDENTITY = "iPhone Developer";
				COPY_PHASE_STRIP = NO;
				DEBUG_INFORMATION_FORMAT = dwarf;
				ENABLE_STRICT_OBJC_MSGSEND = YES;
				ENABLE_TESTABILITY = YES;
				GCC_C_LANGUAGE_STANDARD = gnu11;
				GCC_DYNAMIC_NO_PIC = NO;
				GCC_NO_COMMON_BLOCKS = YES;
				GCC_OPTIMIZATION_LEVEL = 0;
				GCC_PREPROCESSOR_DEFINITIONS = (
					"DEBUG=1",
					"$(inherited)",
				);
				GCC_WARN_64_TO_32_BIT_CONVERSION = YES;
				GCC_WARN_ABOUT_RETURN_TYPE = YES_ERROR;
				GCC_WARN_UNDECLARED_SELECTOR = YES;
				GCC_WARN_UNINITIALIZED_AUTOS = YES_AGGRESSIVE;
				GCC_WARN_UNUSED_FUNCTION = YES;
				GCC_WARN_UNUSED_VARIABLE = YES;
				IPHONEOS_DEPLOYMENT_TARGET = 12.4;
				MTL_ENABLE_DEBUG_INFO = INCLUDE_SOURCE;
				MTL_FAST_MATH = YES;
				ONLY_ACTIVE_ARCH = YES;
				SDKROOT = iphoneos;
				SWIFT_ACTIVE_COMPILATION_CONDITIONS = DEBUG;
				SWIFT_OPTIMIZATION_LEVEL = "-Onone";
			};
			name = Debug;
		};
		33D82F0223076F5000DC9196 /* Release */ = {
			isa = XCBuildConfiguration;
			buildSettings = {
				ALWAYS_SEARCH_USER_PATHS = NO;
				CLANG_ANALYZER_NONNULL = YES;
				CLANG_ANALYZER_NUMBER_OBJECT_CONVERSION = YES_AGGRESSIVE;
				CLANG_CXX_LANGUAGE_STANDARD = "gnu++14";
				CLANG_CXX_LIBRARY = "libc++";
				CLANG_ENABLE_MODULES = YES;
				CLANG_ENABLE_OBJC_ARC = YES;
				CLANG_ENABLE_OBJC_WEAK = YES;
				CLANG_WARN_BLOCK_CAPTURE_AUTORELEASING = YES;
				CLANG_WARN_BOOL_CONVERSION = YES;
				CLANG_WARN_COMMA = YES;
				CLANG_WARN_CONSTANT_CONVERSION = YES;
				CLANG_WARN_DEPRECATED_OBJC_IMPLEMENTATIONS = YES;
				CLANG_WARN_DIRECT_OBJC_ISA_USAGE = YES_ERROR;
				CLANG_WARN_DOCUMENTATION_COMMENTS = YES;
				CLANG_WARN_EMPTY_BODY = YES;
				CLANG_WARN_ENUM_CONVERSION = YES;
				CLANG_WARN_INFINITE_RECURSION = YES;
				CLANG_WARN_INT_CONVERSION = YES;
				CLANG_WARN_NON_LITERAL_NULL_CONVERSION = YES;
				CLANG_WARN_OBJC_IMPLICIT_RETAIN_SELF = YES;
				CLANG_WARN_OBJC_LITERAL_CONVERSION = YES;
				CLANG_WARN_OBJC_ROOT_CLASS = YES_ERROR;
				CLANG_WARN_RANGE_LOOP_ANALYSIS = YES;
				CLANG_WARN_STRICT_PROTOTYPES = YES;
				CLANG_WARN_SUSPICIOUS_MOVE = YES;
				CLANG_WARN_UNGUARDED_AVAILABILITY = YES_AGGRESSIVE;
				CLANG_WARN_UNREACHABLE_CODE = YES;
				CLANG_WARN__DUPLICATE_METHOD_MATCH = YES;
				CODE_SIGN_IDENTITY = "iPhone Developer";
				COPY_PHASE_STRIP = NO;
				DEBUG_INFORMATION_FORMAT = "dwarf-with-dsym";
				ENABLE_NS_ASSERTIONS = NO;
				ENABLE_STRICT_OBJC_MSGSEND = YES;
				GCC_C_LANGUAGE_STANDARD = gnu11;
				GCC_NO_COMMON_BLOCKS = YES;
				GCC_WARN_64_TO_32_BIT_CONVERSION = YES;
				GCC_WARN_ABOUT_RETURN_TYPE = YES_ERROR;
				GCC_WARN_UNDECLARED_SELECTOR = YES;
				GCC_WARN_UNINITIALIZED_AUTOS = YES_AGGRESSIVE;
				GCC_WARN_UNUSED_FUNCTION = YES;
				GCC_WARN_UNUSED_VARIABLE = YES;
				IPHONEOS_DEPLOYMENT_TARGET = 12.4;
				MTL_ENABLE_DEBUG_INFO = NO;
				MTL_FAST_MATH = YES;
				SDKROOT = iphoneos;
				SWIFT_COMPILATION_MODE = wholemodule;
				SWIFT_OPTIMIZATION_LEVEL = "-O";
				VALIDATE_PRODUCT = YES;
			};
			name = Release;
		};
		33D82F0423076F5000DC9196 /* Debug */ = {
			isa = XCBuildConfiguration;
			buildSettings = {
				ASSETCATALOG_COMPILER_APPICON_NAME = AppIcon;
				CODE_SIGN_STYLE = Automatic;
				DEVELOPMENT_TEAM = SWZ52X9R5X;
				INFOPLIST_FILE = "Calendar UI-3 Storyboard/Info.plist";
				LD_RUNPATH_SEARCH_PATHS = (
					"$(inherited)",
					"@executable_path/Frameworks",
				);
				PRODUCT_BUNDLE_IDENTIFIER = "com.RAMJETApps.Calendar-UI-3-Storyboard";
				PRODUCT_NAME = "$(TARGET_NAME)";
				SWIFT_VERSION = 5.0;
				TARGETED_DEVICE_FAMILY = "1,2";
			};
			name = Debug;
		};
		33D82F0523076F5000DC9196 /* Release */ = {
			isa = XCBuildConfiguration;
			buildSettings = {
				ASSETCATALOG_COMPILER_APPICON_NAME = AppIcon;
				CODE_SIGN_STYLE = Automatic;
				DEVELOPMENT_TEAM = SWZ52X9R5X;
				INFOPLIST_FILE = "Calendar UI-3 Storyboard/Info.plist";
				LD_RUNPATH_SEARCH_PATHS = (
					"$(inherited)",
					"@executable_path/Frameworks",
				);
				PRODUCT_BUNDLE_IDENTIFIER = "com.RAMJETApps.Calendar-UI-3-Storyboard";
				PRODUCT_NAME = "$(TARGET_NAME)";
				SWIFT_VERSION = 5.0;
				TARGETED_DEVICE_FAMILY = "1,2";
			};
			name = Release;
		};
/* End XCBuildConfiguration section */

/* Begin XCConfigurationList section */
		33D82EEC23076F4E00DC9196 /* Build configuration list for PBXProject "Calendar UI-3 Storyboard" */ = {
			isa = XCConfigurationList;
			buildConfigurations = (
				33D82F0123076F5000DC9196 /* Debug */,
				33D82F0223076F5000DC9196 /* Release */,
			);
			defaultConfigurationIsVisible = 0;
			defaultConfigurationName = Release;
		};
		33D82F0323076F5000DC9196 /* Build configuration list for PBXNativeTarget "Calendar UI-3 Storyboard" */ = {
			isa = XCConfigurationList;
			buildConfigurations = (
				33D82F0423076F5000DC9196 /* Debug */,
				33D82F0523076F5000DC9196 /* Release */,
			);
			defaultConfigurationIsVisible = 0;
			defaultConfigurationName = Release;
		};
/* End XCConfigurationList section */
	};
	rootObject = 33D82EE923076F4E00DC9196 /* Project object */;
}
